
Microsoft Visual Studio Solution File, Format Version 12.00
# Visual Studio Version 17
VisualStudioVersion = 17.10.34928.147
MinimumVisualStudioVersion = 10.0.40219.1
Project("{FAE04EC0-301F-11D3-BF4B-00C04F79EFBC}") = "PanaderiaRepo", "PanaderiaRepo\PanaderiaRepo.csproj", "{8BF5A15A-697E-4E96-9F87-0C6C1499CCC7}"
EndProject
Global
	GlobalSection(SolutionConfigurationPlatforms) = preSolution
		Debug|Any CPU = Debug|Any CPU
		Release|Any CPU = Release|Any CPU
	EndGlobalSection
	GlobalSection(ProjectConfigurationPlatforms) = postSolution
		{8BF5A15A-697E-4E96-9F87-0C6C1499CCC7}.Debug|Any CPU.ActiveCfg = Debug|Any CPU
		{8BF5A15A-697E-4E96-9F87-0C6C1499CCC7}.Debug|Any CPU.Build.0 = Debug|Any CPU
		{8BF5A15A-697E-4E96-9F87-0C6C1499CCC7}.Release|Any CPU.ActiveCfg = Release|Any CPU
		{8BF5A15A-697E-4E96-9F87-0C6C1499CCC7}.Release|Any CPU.Build.0 = Release|Any CPU
	EndGlobalSection
	GlobalSection(SolutionProperties) = preSolution
		HideSolutionNode = FALSE
	EndGlobalSection
	GlobalSection(ExtensibilityGlobals) = postSolution
		SolutionGuid = {31AD278E-8F1E-484B-B2AE-6EE321A98D01}
	EndGlobalSection
EndGlobal
